// !$*UTF8*$!
{
	archiveVersion = 1;
	classes = {
	};
	objectVersion = 52;
	objects = {

/* Begin PBXBuildFile section */
		461B3D2623C16CA500BEA0A2 /* yamusic_vol_change.scpt in Resources */ = {isa = PBXBuildFile; fileRef = 461B3D2523C16CA500BEA0A2 /* yamusic_vol_change.scpt */; };
		461B3D2923C172E300BEA0A2 /* Throttler.swift in Sources */ = {isa = PBXBuildFile; fileRef = 461B3D2823C172E300BEA0A2 /* Throttler.swift */; };
		461B3D2B23C177F800BEA0A2 /* yamusic_like_unlike.scpt in Resources */ = {isa = PBXBuildFile; fileRef = 461B3D2A23C177F800BEA0A2 /* yamusic_like_unlike.scpt */; };
		466BC0CB23BFE07300C4C2AA /* AppDelegate.swift in Sources */ = {isa = PBXBuildFile; fileRef = 466BC0CA23BFE07300C4C2AA /* AppDelegate.swift */; };
		466BC0CD23BFE07600C4C2AA /* Assets.xcassets in Resources */ = {isa = PBXBuildFile; fileRef = 466BC0CC23BFE07600C4C2AA /* Assets.xcassets */; };
		466BC0D023BFE07600C4C2AA /* MainMenu.xib in Resources */ = {isa = PBXBuildFile; fileRef = 466BC0CE23BFE07600C4C2AA /* MainMenu.xib */; };
		466BC0DA23BFF92000C4C2AA /* ORSSerial in Frameworks */ = {isa = PBXBuildFile; productRef = 466BC0D923BFF92000C4C2AA /* ORSSerial */; };
		4683F3F223C0CF4A00F93584 /* safari_utils.scpt in Resources */ = {isa = PBXBuildFile; fileRef = 4683F3F123C0CF4A00F93584 /* safari_utils.scpt */; };
		4683F3F723C0D46F00F93584 /* yamusic_next.scpt in Resources */ = {isa = PBXBuildFile; fileRef = 4683F3F423C0D46F00F93584 /* yamusic_next.scpt */; };
		4683F3F823C0D46F00F93584 /* yamusic_prev.scpt in Resources */ = {isa = PBXBuildFile; fileRef = 4683F3F523C0D46F00F93584 /* yamusic_prev.scpt */; };
		4683F3F923C0D46F00F93584 /* yamusic_play_pause.scpt in Resources */ = {isa = PBXBuildFile; fileRef = 4683F3F623C0D46F00F93584 /* yamusic_play_pause.scpt */; };
		4683F3FD23C0D53E00F93584 /* MediaController.swift in Sources */ = {isa = PBXBuildFile; fileRef = 4683F3FC23C0D53E00F93584 /* MediaController.swift */; };
		4683F40023C0D60600F93584 /* YandexMusicMediaController.swift in Sources */ = {isa = PBXBuildFile; fileRef = 4683F3FF23C0D60600F93584 /* YandexMusicMediaController.swift */; };
		4683F40223C0D64000F93584 /* GlobalMediaController.swift in Sources */ = {isa = PBXBuildFile; fileRef = 4683F40123C0D64000F93584 /* GlobalMediaController.swift */; };
		46EE16A523C0F9BB007B1203 /* MediaCommandsObserver.swift in Sources */ = {isa = PBXBuildFile; fileRef = 46EE16A423C0F9BB007B1203 /* MediaCommandsObserver.swift */; };
		46EE16A723C0FA74007B1203 /* SerialPortMediaCommandsObserver.swift in Sources */ = {isa = PBXBuildFile; fileRef = 46EE16A623C0FA74007B1203 /* SerialPortMediaCommandsObserver.swift */; };
		46EE16A923C107DE007B1203 /* StatusMenuController.swift in Sources */ = {isa = PBXBuildFile; fileRef = 46EE16A823C107DE007B1203 /* StatusMenuController.swift */; };
		46EE16AE23C149AF007B1203 /* yamusic_vol_down.scpt in Resources */ = {isa = PBXBuildFile; fileRef = 46EE16AC23C149AF007B1203 /* yamusic_vol_down.scpt */; };
		46EE16AF23C149AF007B1203 /* yamusic_vol_up.scpt in Resources */ = {isa = PBXBuildFile; fileRef = 46EE16AD23C149AF007B1203 /* yamusic_vol_up.scpt */; };
		46EE16B123C14A59007B1203 /* MediaCommand.swift in Sources */ = {isa = PBXBuildFile; fileRef = 46EE16B023C14A59007B1203 /* MediaCommand.swift */; };
/* End PBXBuildFile section */

/* Begin PBXFileReference section */
		461B3D2523C16CA500BEA0A2 /* yamusic_vol_change.scpt */ = {isa = PBXFileReference; lastKnownFileType = file; path = yamusic_vol_change.scpt; sourceTree = "<group>"; };
		461B3D2823C172E300BEA0A2 /* Throttler.swift */ = {isa = PBXFileReference; lastKnownFileType = sourcecode.swift; path = Throttler.swift; sourceTree = "<group>"; };
		461B3D2A23C177F800BEA0A2 /* yamusic_like_unlike.scpt */ = {isa = PBXFileReference; lastKnownFileType = file; path = yamusic_like_unlike.scpt; sourceTree = "<group>"; };
		466BC0C723BFE07300C4C2AA /* ExternalMediaControls.app */ = {isa = PBXFileReference; explicitFileType = wrapper.application; includeInIndex = 0; path = ExternalMediaControls.app; sourceTree = BUILT_PRODUCTS_DIR; };
		466BC0CA23BFE07300C4C2AA /* AppDelegate.swift */ = {isa = PBXFileReference; lastKnownFileType = sourcecode.swift; path = AppDelegate.swift; sourceTree = "<group>"; };
		466BC0CC23BFE07600C4C2AA /* Assets.xcassets */ = {isa = PBXFileReference; lastKnownFileType = folder.assetcatalog; path = Assets.xcassets; sourceTree = "<group>"; };
		466BC0CF23BFE07600C4C2AA /* Base */ = {isa = PBXFileReference; lastKnownFileType = file.xib; name = Base; path = Base.lproj/MainMenu.xib; sourceTree = "<group>"; };
		466BC0D123BFE07600C4C2AA /* Info.plist */ = {isa = PBXFileReference; lastKnownFileType = text.plist.xml; path = Info.plist; sourceTree = "<group>"; };
		466BC0D223BFE07600C4C2AA /* ExternalMediaControls.entitlements */ = {isa = PBXFileReference; lastKnownFileType = text.plist.entitlements; path = ExternalMediaControls.entitlements; sourceTree = "<group>"; };
		4683F3F123C0CF4A00F93584 /* safari_utils.scpt */ = {isa = PBXFileReference; lastKnownFileType = file; path = safari_utils.scpt; sourceTree = "<group>"; };
		4683F3F423C0D46F00F93584 /* yamusic_next.scpt */ = {isa = PBXFileReference; lastKnownFileType = file; path = yamusic_next.scpt; sourceTree = "<group>"; };
		4683F3F523C0D46F00F93584 /* yamusic_prev.scpt */ = {isa = PBXFileReference; lastKnownFileType = file; path = yamusic_prev.scpt; sourceTree = "<group>"; };
		4683F3F623C0D46F00F93584 /* yamusic_play_pause.scpt */ = {isa = PBXFileReference; lastKnownFileType = file; path = yamusic_play_pause.scpt; sourceTree = "<group>"; };
		4683F3FC23C0D53E00F93584 /* MediaController.swift */ = {isa = PBXFileReference; fileEncoding = 4; lastKnownFileType = sourcecode.swift; path = MediaController.swift; sourceTree = "<group>"; };
		4683F3FF23C0D60600F93584 /* YandexMusicMediaController.swift */ = {isa = PBXFileReference; lastKnownFileType = sourcecode.swift; path = YandexMusicMediaController.swift; sourceTree = "<group>"; };
		4683F40123C0D64000F93584 /* GlobalMediaController.swift */ = {isa = PBXFileReference; lastKnownFileType = sourcecode.swift; path = GlobalMediaController.swift; sourceTree = "<group>"; };
		46EE16A423C0F9BB007B1203 /* MediaCommandsObserver.swift */ = {isa = PBXFileReference; lastKnownFileType = sourcecode.swift; path = MediaCommandsObserver.swift; sourceTree = "<group>"; };
		46EE16A623C0FA74007B1203 /* SerialPortMediaCommandsObserver.swift */ = {isa = PBXFileReference; lastKnownFileType = sourcecode.swift; path = SerialPortMediaCommandsObserver.swift; sourceTree = "<group>"; };
		46EE16A823C107DE007B1203 /* StatusMenuController.swift */ = {isa = PBXFileReference; lastKnownFileType = sourcecode.swift; path = StatusMenuController.swift; sourceTree = "<group>"; };
		46EE16AC23C149AF007B1203 /* yamusic_vol_down.scpt */ = {isa = PBXFileReference; lastKnownFileType = file; path = yamusic_vol_down.scpt; sourceTree = "<group>"; };
		46EE16AD23C149AF007B1203 /* yamusic_vol_up.scpt */ = {isa = PBXFileReference; lastKnownFileType = file; path = yamusic_vol_up.scpt; sourceTree = "<group>"; };
		46EE16B023C14A59007B1203 /* MediaCommand.swift */ = {isa = PBXFileReference; lastKnownFileType = sourcecode.swift; path = MediaCommand.swift; sourceTree = "<group>"; };
/* End PBXFileReference section */

/* Begin PBXFrameworksBuildPhase section */
		466BC0C423BFE07300C4C2AA /* Frameworks */ = {
			isa = PBXFrameworksBuildPhase;
			buildActionMask = 2147483647;
			files = (
				466BC0DA23BFF92000C4C2AA /* ORSSerial in Frameworks */,
			);
			runOnlyForDeploymentPostprocessing = 0;
		};
/* End PBXFrameworksBuildPhase section */

/* Begin PBXGroup section */
		461B3D2723C172D300BEA0A2 /* Utils */ = {
			isa = PBXGroup;
			children = (
				461B3D2823C172E300BEA0A2 /* Throttler.swift */,
			);
			path = Utils;
			sourceTree = "<group>";
		};
		466BC0BE23BFE07300C4C2AA = {
			isa = PBXGroup;
			children = (
				466BC0C923BFE07300C4C2AA /* ExternalMediaControls */,
				466BC0C823BFE07300C4C2AA /* Products */,
			);
			sourceTree = "<group>";
		};
		466BC0C823BFE07300C4C2AA /* Products */ = {
			isa = PBXGroup;
			children = (
				466BC0C723BFE07300C4C2AA /* ExternalMediaControls.app */,
			);
			name = Products;
			sourceTree = "<group>";
		};
		466BC0C923BFE07300C4C2AA /* ExternalMediaControls */ = {
			isa = PBXGroup;
			children = (
				46A197C523C0D9CD00D0CDA4 /* Source */,
				46A197C423C0D9B200D0CDA4 /* Resources */,
				46A197C323C0D9A200D0CDA4 /* Supporting Files */,
			);
			path = ExternalMediaControls;
			sourceTree = "<group>";
		};
		4683F3F323C0D3AD00F93584 /* YandexMusicScripts */ = {
			isa = PBXGroup;
			children = (
				461B3D2A23C177F800BEA0A2 /* yamusic_like_unlike.scpt */,
				461B3D2523C16CA500BEA0A2 /* yamusic_vol_change.scpt */,
				46EE16AC23C149AF007B1203 /* yamusic_vol_down.scpt */,
				46EE16AD23C149AF007B1203 /* yamusic_vol_up.scpt */,
				4683F3F123C0CF4A00F93584 /* safari_utils.scpt */,
				4683F3F423C0D46F00F93584 /* yamusic_next.scpt */,
				4683F3F623C0D46F00F93584 /* yamusic_play_pause.scpt */,
				4683F3F523C0D46F00F93584 /* yamusic_prev.scpt */,
			);
			path = YandexMusicScripts;
			sourceTree = "<group>";
		};
		4683F3FE23C0D5F600F93584 /* MediaController */ = {
			isa = PBXGroup;
			children = (
				4683F3FC23C0D53E00F93584 /* MediaController.swift */,
				4683F40123C0D64000F93584 /* GlobalMediaController.swift */,
				4683F3FF23C0D60600F93584 /* YandexMusicMediaController.swift */,
			);
			path = MediaController;
			sourceTree = "<group>";
		};
		46A197C323C0D9A200D0CDA4 /* Supporting Files */ = {
			isa = PBXGroup;
			children = (
				466BC0D123BFE07600C4C2AA /* Info.plist */,
				466BC0D223BFE07600C4C2AA /* ExternalMediaControls.entitlements */,
			);
			path = "Supporting Files";
			sourceTree = "<group>";
		};
		46A197C423C0D9B200D0CDA4 /* Resources */ = {
			isa = PBXGroup;
			children = (
				4683F3F323C0D3AD00F93584 /* YandexMusicScripts */,
				466BC0CC23BFE07600C4C2AA /* Assets.xcassets */,
				466BC0CE23BFE07600C4C2AA /* MainMenu.xib */,
			);
			path = Resources;
			sourceTree = "<group>";
		};
		46A197C523C0D9CD00D0CDA4 /* Source */ = {
			isa = PBXGroup;
			children = (
				461B3D2723C172D300BEA0A2 /* Utils */,
				466BC0CA23BFE07300C4C2AA /* AppDelegate.swift */,
				46EE16A823C107DE007B1203 /* StatusMenuController.swift */,
				46EE16B023C14A59007B1203 /* MediaCommand.swift */,
				46EE16A323C0F9A6007B1203 /* MediaCommandsObserver */,
				4683F3FE23C0D5F600F93584 /* MediaController */,
			);
			path = Source;
			sourceTree = "<group>";
		};
		46EE16A323C0F9A6007B1203 /* MediaCommandsObserver */ = {
			isa = PBXGroup;
			children = (
				46EE16A423C0F9BB007B1203 /* MediaCommandsObserver.swift */,
				46EE16A623C0FA74007B1203 /* SerialPortMediaCommandsObserver.swift */,
			);
			path = MediaCommandsObserver;
			sourceTree = "<group>";
		};
/* End PBXGroup section */

/* Begin PBXNativeTarget section */
		466BC0C623BFE07300C4C2AA /* ExternalMediaControls */ = {
			isa = PBXNativeTarget;
			buildConfigurationList = 466BC0D523BFE07600C4C2AA /* Build configuration list for PBXNativeTarget "ExternalMediaControls" */;
			buildPhases = (
				466BC0C323BFE07300C4C2AA /* Sources */,
				466BC0C423BFE07300C4C2AA /* Frameworks */,
				466BC0C523BFE07300C4C2AA /* Resources */,
			);
			buildRules = (
			);
			dependencies = (
			);
			name = ExternalMediaControls;
			packageProductDependencies = (
				466BC0D923BFF92000C4C2AA /* ORSSerial */,
			);
			productName = ExternalMediaControls;
			productReference = 466BC0C723BFE07300C4C2AA /* ExternalMediaControls.app */;
			productType = "com.apple.product-type.application";
		};
/* End PBXNativeTarget section */

/* Begin PBXProject section */
		466BC0BF23BFE07300C4C2AA /* Project object */ = {
			isa = PBXProject;
			attributes = {
				LastSwiftUpdateCheck = 1130;
				LastUpgradeCheck = 1130;
				ORGANIZATIONNAME = "Vasiliy Yanguzin";
				TargetAttributes = {
					466BC0C623BFE07300C4C2AA = {
						CreatedOnToolsVersion = 11.3;
					};
				};
			};
			buildConfigurationList = 466BC0C223BFE07300C4C2AA /* Build configuration list for PBXProject "ExternalMediaControls" */;
			compatibilityVersion = "Xcode 9.3";
			developmentRegion = en;
			hasScannedForEncodings = 0;
			knownRegions = (
				en,
				Base,
			);
			mainGroup = 466BC0BE23BFE07300C4C2AA;
			packageReferences = (
				466BC0D823BFF92000C4C2AA /* XCRemoteSwiftPackageReference "ORSSerialPort" */,
			);
			productRefGroup = 466BC0C823BFE07300C4C2AA /* Products */;
			projectDirPath = "";
			projectRoot = "";
			targets = (
				466BC0C623BFE07300C4C2AA /* ExternalMediaControls */,
			);
		};
/* End PBXProject section */

/* Begin PBXResourcesBuildPhase section */
		466BC0C523BFE07300C4C2AA /* Resources */ = {
			isa = PBXResourcesBuildPhase;
			buildActionMask = 2147483647;
			files = (
				461B3D2623C16CA500BEA0A2 /* yamusic_vol_change.scpt in Resources */,
				466BC0CD23BFE07600C4C2AA /* Assets.xcassets in Resources */,
				461B3D2B23C177F800BEA0A2 /* yamusic_like_unlike.scpt in Resources */,
				4683F3F823C0D46F00F93584 /* yamusic_prev.scpt in Resources */,
				46EE16AF23C149AF007B1203 /* yamusic_vol_up.scpt in Resources */,
				4683F3F923C0D46F00F93584 /* yamusic_play_pause.scpt in Resources */,
				466BC0D023BFE07600C4C2AA /* MainMenu.xib in Resources */,
				4683F3F723C0D46F00F93584 /* yamusic_next.scpt in Resources */,
				4683F3F223C0CF4A00F93584 /* safari_utils.scpt in Resources */,
				46EE16AE23C149AF007B1203 /* yamusic_vol_down.scpt in Resources */,
			);
			runOnlyForDeploymentPostprocessing = 0;
		};
/* End PBXResourcesBuildPhase section */

/* Begin PBXSourcesBuildPhase section */
		466BC0C323BFE07300C4C2AA /* Sources */ = {
			isa = PBXSourcesBuildPhase;
			buildActionMask = 2147483647;
			files = (
				4683F3FD23C0D53E00F93584 /* MediaController.swift in Sources */,
				4683F40223C0D64000F93584 /* GlobalMediaController.swift in Sources */,
				461B3D2923C172E300BEA0A2 /* Throttler.swift in Sources */,
				46EE16A523C0F9BB007B1203 /* MediaCommandsObserver.swift in Sources */,
				46EE16A723C0FA74007B1203 /* SerialPortMediaCommandsObserver.swift in Sources */,
				46EE16B123C14A59007B1203 /* MediaCommand.swift in Sources */,
				4683F40023C0D60600F93584 /* YandexMusicMediaController.swift in Sources */,
				46EE16A923C107DE007B1203 /* StatusMenuController.swift in Sources */,
				466BC0CB23BFE07300C4C2AA /* AppDelegate.swift in Sources */,
			);
			runOnlyForDeploymentPostprocessing = 0;
		};
/* End PBXSourcesBuildPhase section */

/* Begin PBXVariantGroup section */
		466BC0CE23BFE07600C4C2AA /* MainMenu.xib */ = {
			isa = PBXVariantGroup;
			children = (
				466BC0CF23BFE07600C4C2AA /* Base */,
			);
			name = MainMenu.xib;
			sourceTree = "<group>";
		};
/* End PBXVariantGroup section */

/* Begin XCBuildConfiguration section */
		466BC0D323BFE07600C4C2AA /* Debug */ = {
			isa = XCBuildConfiguration;
			buildSettings = {
				ALWAYS_SEARCH_USER_PATHS = NO;
				CLANG_ANALYZER_NONNULL = YES;
				CLANG_ANALYZER_NUMBER_OBJECT_CONVERSION = YES_AGGRESSIVE;
				CLANG_CXX_LANGUAGE_STANDARD = "gnu++14";
				CLANG_CXX_LIBRARY = "libc++";
				CLANG_ENABLE_MODULES = YES;
				CLANG_ENABLE_OBJC_ARC = YES;
				CLANG_ENABLE_OBJC_WEAK = YES;
				CLANG_WARN_BLOCK_CAPTURE_AUTORELEASING = YES;
				CLANG_WARN_BOOL_CONVERSION = YES;
				CLANG_WARN_COMMA = YES;
				CLANG_WARN_CONSTANT_CONVERSION = YES;
				CLANG_WARN_DEPRECATED_OBJC_IMPLEMENTATIONS = YES;
				CLANG_WARN_DIRECT_OBJC_ISA_USAGE = YES_ERROR;
				CLANG_WARN_DOCUMENTATION_COMMENTS = YES;
				CLANG_WARN_EMPTY_BODY = YES;
				CLANG_WARN_ENUM_CONVERSION = YES;
				CLANG_WARN_INFINITE_RECURSION = YES;
				CLANG_WARN_INT_CONVERSION = YES;
				CLANG_WARN_NON_LITERAL_NULL_CONVERSION = YES;
				CLANG_WARN_OBJC_IMPLICIT_RETAIN_SELF = YES;
				CLANG_WARN_OBJC_LITERAL_CONVERSION = YES;
				CLANG_WARN_OBJC_ROOT_CLASS = YES_ERROR;
				CLANG_WARN_RANGE_LOOP_ANALYSIS = YES;
				CLANG_WARN_STRICT_PROTOTYPES = YES;
				CLANG_WARN_SUSPICIOUS_MOVE = YES;
				CLANG_WARN_UNGUARDED_AVAILABILITY = YES_AGGRESSIVE;
				CLANG_WARN_UNREACHABLE_CODE = YES;
				CLANG_WARN__DUPLICATE_METHOD_MATCH = YES;
				COPY_PHASE_STRIP = NO;
				DEBUG_INFORMATION_FORMAT = dwarf;
				ENABLE_STRICT_OBJC_MSGSEND = YES;
				ENABLE_TESTABILITY = YES;
				GCC_C_LANGUAGE_STANDARD = gnu11;
				GCC_DYNAMIC_NO_PIC = NO;
				GCC_NO_COMMON_BLOCKS = YES;
				GCC_OPTIMIZATION_LEVEL = 0;
				GCC_PREPROCESSOR_DEFINITIONS = (
					"DEBUG=1",
					"$(inherited)",
				);
				GCC_WARN_64_TO_32_BIT_CONVERSION = YES;
				GCC_WARN_ABOUT_RETURN_TYPE = YES_ERROR;
				GCC_WARN_UNDECLARED_SELECTOR = YES;
				GCC_WARN_UNINITIALIZED_AUTOS = YES_AGGRESSIVE;
				GCC_WARN_UNUSED_FUNCTION = YES;
				GCC_WARN_UNUSED_VARIABLE = YES;
				MACOSX_DEPLOYMENT_TARGET = 10.15;
				MTL_ENABLE_DEBUG_INFO = INCLUDE_SOURCE;
				MTL_FAST_MATH = YES;
				ONLY_ACTIVE_ARCH = YES;
				SDKROOT = macosx;
				SWIFT_ACTIVE_COMPILATION_CONDITIONS = DEBUG;
				SWIFT_OPTIMIZATION_LEVEL = "-Onone";
			};
			name = Debug;
		};
		466BC0D423BFE07600C4C2AA /* Release */ = {
			isa = XCBuildConfiguration;
			buildSettings = {
				ALWAYS_SEARCH_USER_PATHS = NO;
				CLANG_ANALYZER_NONNULL = YES;
				CLANG_ANALYZER_NUMBER_OBJECT_CONVERSION = YES_AGGRESSIVE;
				CLANG_CXX_LANGUAGE_STANDARD = "gnu++14";
				CLANG_CXX_LIBRARY = "libc++";
				CLANG_ENABLE_MODULES = YES;
				CLANG_ENABLE_OBJC_ARC = YES;
				CLANG_ENABLE_OBJC_WEAK = YES;
				CLANG_WARN_BLOCK_CAPTURE_AUTORELEASING = YES;
				CLANG_WARN_BOOL_CONVERSION = YES;
				CLANG_WARN_COMMA = YES;
				CLANG_WARN_CONSTANT_CONVERSION = YES;
				CLANG_WARN_DEPRECATED_OBJC_IMPLEMENTATIONS = YES;
				CLANG_WARN_DIRECT_OBJC_ISA_USAGE = YES_ERROR;
				CLANG_WARN_DOCUMENTATION_COMMENTS = YES;
				CLANG_WARN_EMPTY_BODY = YES;
				CLANG_WARN_ENUM_CONVERSION = YES;
				CLANG_WARN_INFINITE_RECURSION = YES;
				CLANG_WARN_INT_CONVERSION = YES;
				CLANG_WARN_NON_LITERAL_NULL_CONVERSION = YES;
				CLANG_WARN_OBJC_IMPLICIT_RETAIN_SELF = YES;
				CLANG_WARN_OBJC_LITERAL_CONVERSION = YES;
				CLANG_WARN_OBJC_ROOT_CLASS = YES_ERROR;
				CLANG_WARN_RANGE_LOOP_ANALYSIS = YES;
				CLANG_WARN_STRICT_PROTOTYPES = YES;
				CLANG_WARN_SUSPICIOUS_MOVE = YES;
				CLANG_WARN_UNGUARDED_AVAILABILITY = YES_AGGRESSIVE;
				CLANG_WARN_UNREACHABLE_CODE = YES;
				CLANG_WARN__DUPLICATE_METHOD_MATCH = YES;
				COPY_PHASE_STRIP = NO;
				DEBUG_INFORMATION_FORMAT = "dwarf-with-dsym";
				ENABLE_NS_ASSERTIONS = NO;
				ENABLE_STRICT_OBJC_MSGSEND = YES;
				GCC_C_LANGUAGE_STANDARD = gnu11;
				GCC_NO_COMMON_BLOCKS = YES;
				GCC_WARN_64_TO_32_BIT_CONVERSION = YES;
				GCC_WARN_ABOUT_RETURN_TYPE = YES_ERROR;
				GCC_WARN_UNDECLARED_SELECTOR = YES;
				GCC_WARN_UNINITIALIZED_AUTOS = YES_AGGRESSIVE;
				GCC_WARN_UNUSED_FUNCTION = YES;
				GCC_WARN_UNUSED_VARIABLE = YES;
				MACOSX_DEPLOYMENT_TARGET = 10.15;
				MTL_ENABLE_DEBUG_INFO = NO;
				MTL_FAST_MATH = YES;
				SDKROOT = macosx;
				SWIFT_COMPILATION_MODE = wholemodule;
				SWIFT_OPTIMIZATION_LEVEL = "-O";
			};
			name = Release;
		};
		466BC0D623BFE07600C4C2AA /* Debug */ = {
			isa = XCBuildConfiguration;
			buildSettings = {
				ASSETCATALOG_COMPILER_APPICON_NAME = AppIcon;
				CODE_SIGN_ENTITLEMENTS = "ExternalMediaControls/Supporting Files/ExternalMediaControls.entitlements";
				CODE_SIGN_STYLE = Automatic;
				COMBINE_HIDPI_IMAGES = YES;
				INFOPLIST_FILE = "ExternalMediaControls/Supporting Files/Info.plist";
				LD_RUNPATH_SEARCH_PATHS = (
					"$(inherited)",
					"@executable_path/../Frameworks",
				);
				PRODUCT_BUNDLE_IDENTIFIER = ru.kattouf.ExternalMediaControls;
				PRODUCT_NAME = "$(TARGET_NAME)";
				SWIFT_VERSION = 5.0;
			};
			name = Debug;
		};
		466BC0D723BFE07600C4C2AA /* Release */ = {
			isa = XCBuildConfiguration;
			buildSettings = {
				ASSETCATALOG_COMPILER_APPICON_NAME = AppIcon;
				CODE_SIGN_ENTITLEMENTS = "ExternalMediaControls/Supporting Files/ExternalMediaControls.entitlements";
				CODE_SIGN_STYLE = Automatic;
				COMBINE_HIDPI_IMAGES = YES;
				INFOPLIST_FILE = "ExternalMediaControls/Supporting Files/Info.plist";
				LD_RUNPATH_SEARCH_PATHS = (
					"$(inherited)",
					"@executable_path/../Frameworks",
				);
				PRODUCT_BUNDLE_IDENTIFIER = ru.kattouf.ExternalMediaControls;
				PRODUCT_NAME = "$(TARGET_NAME)";
				SWIFT_VERSION = 5.0;
			};
			name = Release;
		};
/* End XCBuildConfiguration section */

/* Begin XCConfigurationList section */
		466BC0C223BFE07300C4C2AA /* Build configuration list for PBXProject "ExternalMediaControls" */ = {
			isa = XCConfigurationList;
			buildConfigurations = (
				466BC0D323BFE07600C4C2AA /* Debug */,
				466BC0D423BFE07600C4C2AA /* Release */,
			);
			defaultConfigurationIsVisible = 0;
			defaultConfigurationName = Release;
		};
		466BC0D523BFE07600C4C2AA /* Build configuration list for PBXNativeTarget "ExternalMediaControls" */ = {
			isa = XCConfigurationList;
			buildConfigurations = (
				466BC0D623BFE07600C4C2AA /* Debug */,
				466BC0D723BFE07600C4C2AA /* Release */,
			);
			defaultConfigurationIsVisible = 0;
			defaultConfigurationName = Release;
		};
/* End XCConfigurationList section */

/* Begin XCRemoteSwiftPackageReference section */
		466BC0D823BFF92000C4C2AA /* XCRemoteSwiftPackageReference "ORSSerialPort" */ = {
			isa = XCRemoteSwiftPackageReference;
			repositoryURL = "https://github.com/armadsen/ORSSerialPort.git";
			requirement = {
				kind = upToNextMinorVersion;
				minimumVersion = 2.1.0;
			};
		};
/* End XCRemoteSwiftPackageReference section */

/* Begin XCSwiftPackageProductDependency section */
		466BC0D923BFF92000C4C2AA /* ORSSerial */ = {
			isa = XCSwiftPackageProductDependency;
			package = 466BC0D823BFF92000C4C2AA /* XCRemoteSwiftPackageReference "ORSSerialPort" */;
			productName = ORSSerial;
		};
/* End XCSwiftPackageProductDependency section */
	};
	rootObject = 466BC0BF23BFE07300C4C2AA /* Project object */;
}
